# Generated by pub
# See https://dart.dev/tools/pub/glossary#lockfile
packages:
  dartis:
    dependency: "direct main"
    description:
      name: dartis
      url: "https://pub.dartlang.org"
    source: hosted
    version: "0.3.0"
  logging:
    dependency: transitive
    description:
      name: logging
      url: "https://pub.dartlang.org"
    source: hosted
    version: "0.11.4"
  redis:
    dependency: "direct main"
    description:
      name: redis
      url: "https://pub.dartlang.org"
    source: hosted
    version: "1.2.1"
sdks:
  dart: ">=2.0.0 <3.0.0"
